
Microsoft Visual Studio Solution File, Format Version 12.00
# Visual Studio Version 17
VisualStudioVersion = 17.9.34728.123
MinimumVisualStudioVersion = 10.0.40219.1
Project("{9A19103F-16F7-4668-BE54-9A1E7A4F7556}") = "StratoFour", "StratoFour\StratoFour.csproj", "{CAA846C5-6AB4-46DB-B93F-CA7E1D9CBC45}"
EndProject
Global
	GlobalSection(SolutionConfigurationPlatforms) = preSolution
		Debug|Any CPU = Debug|Any CPU
		Release|Any CPU = Release|Any CPU
	EndGlobalSection
	GlobalSection(ProjectConfigurationPlatforms) = postSolution
		{CAA846C5-6AB4-46DB-B93F-CA7E1D9CBC45}.Debug|Any CPU.ActiveCfg = Debug|Any CPU
		{CAA846C5-6AB4-46DB-B93F-CA7E1D9CBC45}.Debug|Any CPU.Build.0 = Debug|Any CPU
		{CAA846C5-6AB4-46DB-B93F-CA7E1D9CBC45}.Release|Any CPU.ActiveCfg = Release|Any CPU
		{CAA846C5-6AB4-46DB-B93F-CA7E1D9CBC45}.Release|Any CPU.Build.0 = Release|Any CPU
	EndGlobalSection
	GlobalSection(SolutionProperties) = preSolution
		HideSolutionNode = FALSE
	EndGlobalSection
	GlobalSection(ExtensibilityGlobals) = postSolution
		SolutionGuid = {543480F3-866C-41B6-8FF0-8AD5076AA262}
	EndGlobalSection
EndGlobal
