
Microsoft Visual Studio Solution File, Format Version 12.00
# Visual Studio Version 17
VisualStudioVersion = 17.9.34728.123
MinimumVisualStudioVersion = 10.0.40219.1
Project("{2150E333-8FDC-42A3-9474-1A3956D46DE8}") = "src", "src", "{3F90F8D3-8AB3-4B86-9B27-435668EB1F59}"
EndProject
Project("{9A19103F-16F7-4668-BE54-9A1E7A4F7556}") = "StratoFour.Domain", "StratoFour.Domain\StratoFour.Domain.csproj", "{5442236D-5C8A-4DEE-A230-81DE8FC394FB}"
EndProject
Project("{9A19103F-16F7-4668-BE54-9A1E7A4F7556}") = "StratoFour.Application", "StratoFour.Application\StratoFour.Application.csproj", "{10EB7B32-66CA-4BD2-9C7D-40C660D959CC}"
EndProject
Project("{9A19103F-16F7-4668-BE54-9A1E7A4F7556}") = "StratoFour.Infrastructure", "StratoFour.Infrastructure\StratoFour.Infrastructure.csproj", "{97238767-F22C-4CF5-9A9C-0B2E0B188952}"
EndProject
Project("{9A19103F-16F7-4668-BE54-9A1E7A4F7556}") = "StratoFour.WebUI.server", "StratoFour.WebUI.server\StratoFour.WebUI.server.csproj", "{AB43E474-8D67-4094-BC85-D56E7D546BE3}"
	ProjectSection(ProjectDependencies) = postProject
		{5442236D-5C8A-4DEE-A230-81DE8FC394FB} = {5442236D-5C8A-4DEE-A230-81DE8FC394FB}
	EndProjectSection
EndProject
Project("{9A19103F-16F7-4668-BE54-9A1E7A4F7556}") = "StratoFour.Application.Test", "StratoFour.Application.Test\StratoFour.Application.Test.csproj", "{839B78BB-71FC-43F1-82C7-46B0814397D5}"
EndProject
Project("{FAE04EC0-301F-11D3-BF4B-00C04F79EFBC}") = "StratoFour.RestApi", "StratoFour.RestApi\StratoFour.RestApi.csproj", "{1412D239-A7DA-4B4A-B8E9-8C84F7063B80}"
EndProject
Global
	GlobalSection(SolutionConfigurationPlatforms) = preSolution
		Debug|Any CPU = Debug|Any CPU
		Release|Any CPU = Release|Any CPU
	EndGlobalSection
	GlobalSection(ProjectConfigurationPlatforms) = postSolution
		{5442236D-5C8A-4DEE-A230-81DE8FC394FB}.Debug|Any CPU.ActiveCfg = Debug|Any CPU
		{5442236D-5C8A-4DEE-A230-81DE8FC394FB}.Debug|Any CPU.Build.0 = Debug|Any CPU
		{5442236D-5C8A-4DEE-A230-81DE8FC394FB}.Release|Any CPU.ActiveCfg = Release|Any CPU
		{5442236D-5C8A-4DEE-A230-81DE8FC394FB}.Release|Any CPU.Build.0 = Release|Any CPU
		{10EB7B32-66CA-4BD2-9C7D-40C660D959CC}.Debug|Any CPU.ActiveCfg = Debug|Any CPU
		{10EB7B32-66CA-4BD2-9C7D-40C660D959CC}.Debug|Any CPU.Build.0 = Debug|Any CPU
		{10EB7B32-66CA-4BD2-9C7D-40C660D959CC}.Release|Any CPU.ActiveCfg = Release|Any CPU
		{10EB7B32-66CA-4BD2-9C7D-40C660D959CC}.Release|Any CPU.Build.0 = Release|Any CPU
		{97238767-F22C-4CF5-9A9C-0B2E0B188952}.Debug|Any CPU.ActiveCfg = Debug|Any CPU
		{97238767-F22C-4CF5-9A9C-0B2E0B188952}.Debug|Any CPU.Build.0 = Debug|Any CPU
		{97238767-F22C-4CF5-9A9C-0B2E0B188952}.Release|Any CPU.ActiveCfg = Release|Any CPU
		{97238767-F22C-4CF5-9A9C-0B2E0B188952}.Release|Any CPU.Build.0 = Release|Any CPU
		{AB43E474-8D67-4094-BC85-D56E7D546BE3}.Debug|Any CPU.ActiveCfg = Debug|Any CPU
		{AB43E474-8D67-4094-BC85-D56E7D546BE3}.Debug|Any CPU.Build.0 = Debug|Any CPU
		{AB43E474-8D67-4094-BC85-D56E7D546BE3}.Release|Any CPU.ActiveCfg = Release|Any CPU
		{AB43E474-8D67-4094-BC85-D56E7D546BE3}.Release|Any CPU.Build.0 = Release|Any CPU
		{839B78BB-71FC-43F1-82C7-46B0814397D5}.Debug|Any CPU.ActiveCfg = Debug|Any CPU
		{839B78BB-71FC-43F1-82C7-46B0814397D5}.Debug|Any CPU.Build.0 = Debug|Any CPU
		{839B78BB-71FC-43F1-82C7-46B0814397D5}.Release|Any CPU.ActiveCfg = Release|Any CPU
		{839B78BB-71FC-43F1-82C7-46B0814397D5}.Release|Any CPU.Build.0 = Release|Any CPU
		{1412D239-A7DA-4B4A-B8E9-8C84F7063B80}.Debug|Any CPU.ActiveCfg = Debug|Any CPU
		{1412D239-A7DA-4B4A-B8E9-8C84F7063B80}.Debug|Any CPU.Build.0 = Debug|Any CPU
		{1412D239-A7DA-4B4A-B8E9-8C84F7063B80}.Release|Any CPU.ActiveCfg = Release|Any CPU
		{1412D239-A7DA-4B4A-B8E9-8C84F7063B80}.Release|Any CPU.Build.0 = Release|Any CPU
	EndGlobalSection
	GlobalSection(SolutionProperties) = preSolution
		HideSolutionNode = FALSE
	EndGlobalSection
	GlobalSection(NestedProjects) = preSolution
		{5442236D-5C8A-4DEE-A230-81DE8FC394FB} = {3F90F8D3-8AB3-4B86-9B27-435668EB1F59}
		{10EB7B32-66CA-4BD2-9C7D-40C660D959CC} = {3F90F8D3-8AB3-4B86-9B27-435668EB1F59}
		{97238767-F22C-4CF5-9A9C-0B2E0B188952} = {3F90F8D3-8AB3-4B86-9B27-435668EB1F59}
		{AB43E474-8D67-4094-BC85-D56E7D546BE3} = {3F90F8D3-8AB3-4B86-9B27-435668EB1F59}
		{839B78BB-71FC-43F1-82C7-46B0814397D5} = {3F90F8D3-8AB3-4B86-9B27-435668EB1F59}
		{1412D239-A7DA-4B4A-B8E9-8C84F7063B80} = {3F90F8D3-8AB3-4B86-9B27-435668EB1F59}
	EndGlobalSection
	GlobalSection(ExtensibilityGlobals) = postSolution
		SolutionGuid = {543480F3-866C-41B6-8FF0-8AD5076AA262}
	EndGlobalSection
EndGlobal
